
Microsoft Visual Studio Solution File, Format Version 11.00
# Visual Studio 2010
Project("{FAE04EC0-301F-11D3-BF4B-00C04F79EFBC}") = "MvcAssetManager", "MvcAssetManager\MvcAssetManager.csproj", "{15826D67-0002-4B05-B896-6AAF75482947}"
EndProject
Global
	GlobalSection(SolutionConfigurationPlatforms) = preSolution
		Debug|Any CPU = Debug|Any CPU
		Release|Any CPU = Release|Any CPU
	EndGlobalSection
	GlobalSection(ProjectConfigurationPlatforms) = postSolution
		{15826D67-0002-4B05-B896-6AAF75482947}.Debug|Any CPU.ActiveCfg = Debug|Any CPU
		{15826D67-0002-4B05-B896-6AAF75482947}.Debug|Any CPU.Build.0 = Debug|Any CPU
		{15826D67-0002-4B05-B896-6AAF75482947}.Release|Any CPU.ActiveCfg = Release|Any CPU
		{15826D67-0002-4B05-B896-6AAF75482947}.Release|Any CPU.Build.0 = Release|Any CPU
	EndGlobalSection
	GlobalSection(SolutionProperties) = preSolution
		HideSolutionNode = FALSE
	EndGlobalSection
EndGlobal
